
Microsoft Visual Studio Solution File, Format Version 12.00
# Visual Studio Version 17
VisualStudioVersion = 17.10.35013.160
MinimumVisualStudioVersion = 10.0.40219.1
Project("{FAE04EC0-301F-11D3-BF4B-00C04F79EFBC}") = "xo", "xo\xo.csproj", "{5E2BAF6A-1621-4718-A6CC-0DAE1491AEFC}"
EndProject
Global
	GlobalSection(SolutionConfigurationPlatforms) = preSolution
		Debug|Any CPU = Debug|Any CPU
		Release|Any CPU = Release|Any CPU
	EndGlobalSection
	GlobalSection(ProjectConfigurationPlatforms) = postSolution
		{5E2BAF6A-1621-4718-A6CC-0DAE1491AEFC}.Debug|Any CPU.ActiveCfg = Debug|Any CPU
		{5E2BAF6A-1621-4718-A6CC-0DAE1491AEFC}.Debug|Any CPU.Build.0 = Debug|Any CPU
		{5E2BAF6A-1621-4718-A6CC-0DAE1491AEFC}.Release|Any CPU.ActiveCfg = Release|Any CPU
		{5E2BAF6A-1621-4718-A6CC-0DAE1491AEFC}.Release|Any CPU.Build.0 = Release|Any CPU
	EndGlobalSection
	GlobalSection(SolutionProperties) = preSolution
		HideSolutionNode = FALSE
	EndGlobalSection
	GlobalSection(ExtensibilityGlobals) = postSolution
		SolutionGuid = {93779422-56E4-4FB1-B059-8431EDE05BAA}
	EndGlobalSection
EndGlobal
